
Microsoft Visual Studio Solution File, Format Version 12.00
# Visual Studio Version 16
VisualStudioVersion = 16.0.31911.196
MinimumVisualStudioVersion = 10.0.40219.1
Project("{FAE04EC0-301F-11D3-BF4B-00C04F79EFBC}") = "Project Tiger 2.0", "Project Tiger 2.0\Project Tiger 2.0.csproj", "{0504C958-B760-4F2D-BE3C-3CB4A2936294}"
EndProject
Global
	GlobalSection(SolutionConfigurationPlatforms) = preSolution
		Debug|Any CPU = Debug|Any CPU
		Release|Any CPU = Release|Any CPU
	EndGlobalSection
	GlobalSection(ProjectConfigurationPlatforms) = postSolution
		{0504C958-B760-4F2D-BE3C-3CB4A2936294}.Debug|Any CPU.ActiveCfg = Debug|Any CPU
		{0504C958-B760-4F2D-BE3C-3CB4A2936294}.Debug|Any CPU.Build.0 = Debug|Any CPU
		{0504C958-B760-4F2D-BE3C-3CB4A2936294}.Release|Any CPU.ActiveCfg = Release|Any CPU
		{0504C958-B760-4F2D-BE3C-3CB4A2936294}.Release|Any CPU.Build.0 = Release|Any CPU
	EndGlobalSection
	GlobalSection(SolutionProperties) = preSolution
		HideSolutionNode = FALSE
	EndGlobalSection
	GlobalSection(ExtensibilityGlobals) = postSolution
		SolutionGuid = {6F2A0EE1-CB84-48AE-BEAB-436B69539DF3}
	EndGlobalSection
EndGlobal
